
Microsoft Visual Studio Solution File, Format Version 12.00
# Visual Studio Version 17
VisualStudioVersion = 17.5.001.0
MinimumVisualStudioVersion = 10.0.40219.1
Project("{9A19103F-16F7-4668-BE54-9A1E7A4F7556}") = "CSharpDesignPatternsDemo", "CSharpDesignPatternsDemo.csproj", "{3718B8A4-4E51-4967-B9E0-0742EE586D15}"
EndProject
Global
	GlobalSection(SolutionConfigurationPlatforms) = preSolution
		Debug|Any CPU = Debug|Any CPU
		Release|Any CPU = Release|Any CPU
	EndGlobalSection
	GlobalSection(ProjectConfigurationPlatforms) = postSolution
		{3718B8A4-4E51-4967-B9E0-0742EE586D15}.Debug|Any CPU.ActiveCfg = Debug|Any CPU
		{3718B8A4-4E51-4967-B9E0-0742EE586D15}.Debug|Any CPU.Build.0 = Debug|Any CPU
		{3718B8A4-4E51-4967-B9E0-0742EE586D15}.Release|Any CPU.ActiveCfg = Release|Any CPU
		{3718B8A4-4E51-4967-B9E0-0742EE586D15}.Release|Any CPU.Build.0 = Release|Any CPU
	EndGlobalSection
	GlobalSection(SolutionProperties) = preSolution
		HideSolutionNode = FALSE
	EndGlobalSection
	GlobalSection(ExtensibilityGlobals) = postSolution
		SolutionGuid = {C5A099B1-B1CB-4E56-BB61-3F90AD020550}
	EndGlobalSection
EndGlobal
